
Microsoft Visual Studio Solution File, Format Version 12.00
# Visual Studio Version 16
VisualStudioVersion = 16.0.30717.126
MinimumVisualStudioVersion = 10.0.40219.1
Project("{FAE04EC0-301F-11D3-BF4B-00C04F79EFBC}") = "JustForGitP", "JustForGitP\JustForGitP.csproj", "{798FE801-A8D4-4C04-A764-E818174152FB}"
EndProject
Global
	GlobalSection(SolutionConfigurationPlatforms) = preSolution
		Debug|Any CPU = Debug|Any CPU
		Release|Any CPU = Release|Any CPU
	EndGlobalSection
	GlobalSection(ProjectConfigurationPlatforms) = postSolution
		{798FE801-A8D4-4C04-A764-E818174152FB}.Debug|Any CPU.ActiveCfg = Debug|Any CPU
		{798FE801-A8D4-4C04-A764-E818174152FB}.Debug|Any CPU.Build.0 = Debug|Any CPU
		{798FE801-A8D4-4C04-A764-E818174152FB}.Release|Any CPU.ActiveCfg = Release|Any CPU
		{798FE801-A8D4-4C04-A764-E818174152FB}.Release|Any CPU.Build.0 = Release|Any CPU
	EndGlobalSection
	GlobalSection(SolutionProperties) = preSolution
		HideSolutionNode = FALSE
	EndGlobalSection
	GlobalSection(ExtensibilityGlobals) = postSolution
		SolutionGuid = {F53AE712-678A-46D8-AF4B-B37C208446D4}
	EndGlobalSection
EndGlobal
